
Microsoft Visual Studio Solution File, Format Version 12.00
# Visual Studio 15
VisualStudioVersion = 15.0.26430.14
MinimumVisualStudioVersion = 10.0.40219.1
Project("{FAE04EC0-301F-11D3-BF4B-00C04F79EFBC}") = "SeleniumIssue4203Repro2", "SeleniumIssue4203Repro2\SeleniumIssue4203Repro2.csproj", "{60E59648-167B-41ED-A573-9D1E71CE583E}"
EndProject
Global
	GlobalSection(SolutionConfigurationPlatforms) = preSolution
		Debug|Any CPU = Debug|Any CPU
		Release|Any CPU = Release|Any CPU
	EndGlobalSection
	GlobalSection(ProjectConfigurationPlatforms) = postSolution
		{60E59648-167B-41ED-A573-9D1E71CE583E}.Debug|Any CPU.ActiveCfg = Debug|Any CPU
		{60E59648-167B-41ED-A573-9D1E71CE583E}.Debug|Any CPU.Build.0 = Debug|Any CPU
		{60E59648-167B-41ED-A573-9D1E71CE583E}.Release|Any CPU.ActiveCfg = Release|Any CPU
		{60E59648-167B-41ED-A573-9D1E71CE583E}.Release|Any CPU.Build.0 = Release|Any CPU
	EndGlobalSection
	GlobalSection(SolutionProperties) = preSolution
		HideSolutionNode = FALSE
	EndGlobalSection
EndGlobal
